
Microsoft Visual Studio Solution File, Format Version 12.00
# Visual Studio 15
Project("{FAE04EC0-301F-11D3-BF4B-00C04F79EFBC}") = "QuerySuggestionModule", "QuerySuggestionModule\QuerySuggestionModule.csproj", "{2E46EF8A-5126-485B-BE08-EC767093A910}"
EndProject
Project("{FAE04EC0-301F-11D3-BF4B-00C04F79EFBC}") = "QuerySuggestionModule.Tests", "QuerySuggestionModule.Tests\QuerySuggestionModule.Tests.csproj", "{9557F9DC-CA31-4CEB-826F-ECCD8A7A49B8}"
EndProject
Global
	GlobalSection(SolutionConfigurationPlatforms) = preSolution
		Debug|Any CPU = Debug|Any CPU
		Release|Any CPU = Release|Any CPU
	EndGlobalSection
	GlobalSection(ProjectConfigurationPlatforms) = postSolution
		{2E46EF8A-5126-485B-BE08-EC767093A910}.Debug|Any CPU.ActiveCfg = Debug|Any CPU
		{2E46EF8A-5126-485B-BE08-EC767093A910}.Debug|Any CPU.Build.0 = Debug|Any CPU
		{2E46EF8A-5126-485B-BE08-EC767093A910}.Release|Any CPU.ActiveCfg = Release|Any CPU
		{2E46EF8A-5126-485B-BE08-EC767093A910}.Release|Any CPU.Build.0 = Release|Any CPU
		{9557F9DC-CA31-4CEB-826F-ECCD8A7A49B8}.Debug|Any CPU.ActiveCfg = Debug|Any CPU
		{9557F9DC-CA31-4CEB-826F-ECCD8A7A49B8}.Debug|Any CPU.Build.0 = Debug|Any CPU
		{9557F9DC-CA31-4CEB-826F-ECCD8A7A49B8}.Release|Any CPU.ActiveCfg = Release|Any CPU
		{9557F9DC-CA31-4CEB-826F-ECCD8A7A49B8}.Release|Any CPU.Build.0 = Release|Any CPU
	EndGlobalSection
EndGlobal
